
Microsoft Visual Studio Solution File, Format Version 12.00
# Visual Studio Version 16
VisualStudioVersion = 16.0.29613.14
MinimumVisualStudioVersion = 10.0.40219.1
Project("{FAE04EC0-301F-11D3-BF4B-00C04F79EFBC}") = "FuncActionPredicate", "FuncActionPredicate\FuncActionPredicate.csproj", "{B3646203-021F-4A65-A126-C0B781F75461}"
EndProject
Global
	GlobalSection(SolutionConfigurationPlatforms) = preSolution
		Debug|Any CPU = Debug|Any CPU
		Release|Any CPU = Release|Any CPU
	EndGlobalSection
	GlobalSection(ProjectConfigurationPlatforms) = postSolution
		{B3646203-021F-4A65-A126-C0B781F75461}.Debug|Any CPU.ActiveCfg = Debug|Any CPU
		{B3646203-021F-4A65-A126-C0B781F75461}.Debug|Any CPU.Build.0 = Debug|Any CPU
		{B3646203-021F-4A65-A126-C0B781F75461}.Release|Any CPU.ActiveCfg = Release|Any CPU
		{B3646203-021F-4A65-A126-C0B781F75461}.Release|Any CPU.Build.0 = Release|Any CPU
	EndGlobalSection
	GlobalSection(SolutionProperties) = preSolution
		HideSolutionNode = FALSE
	EndGlobalSection
	GlobalSection(ExtensibilityGlobals) = postSolution
		SolutionGuid = {FF63AE43-DAE4-4190-AB5F-4B0E3FBF0DFD}
	EndGlobalSection
EndGlobal
