
Microsoft Visual Studio Solution File, Format Version 12.00
# Visual Studio Version 16
VisualStudioVersion = 16.0.29613.14
MinimumVisualStudioVersion = 10.0.40219.1
Project("{FAE04EC0-301F-11D3-BF4B-00C04F79EFBC}") = "QueueFila", "QueueFila.csproj", "{74C4CA76-580A-4B7E-A755-FB11A08D93FD}"
EndProject
Global
	GlobalSection(SolutionConfigurationPlatforms) = preSolution
		Debug|Any CPU = Debug|Any CPU
		Release|Any CPU = Release|Any CPU
	EndGlobalSection
	GlobalSection(ProjectConfigurationPlatforms) = postSolution
		{74C4CA76-580A-4B7E-A755-FB11A08D93FD}.Debug|Any CPU.ActiveCfg = Debug|Any CPU
		{74C4CA76-580A-4B7E-A755-FB11A08D93FD}.Debug|Any CPU.Build.0 = Debug|Any CPU
		{74C4CA76-580A-4B7E-A755-FB11A08D93FD}.Release|Any CPU.ActiveCfg = Release|Any CPU
		{74C4CA76-580A-4B7E-A755-FB11A08D93FD}.Release|Any CPU.Build.0 = Release|Any CPU
	EndGlobalSection
	GlobalSection(SolutionProperties) = preSolution
		HideSolutionNode = FALSE
	EndGlobalSection
	GlobalSection(ExtensibilityGlobals) = postSolution
		SolutionGuid = {6498F746-9367-40F2-9189-3CA889F72E24}
	EndGlobalSection
EndGlobal
